
Microsoft Visual Studio Solution File, Format Version 12.00
# Visual Studio 15
VisualStudioVersion = 15.0.28307.168
MinimumVisualStudioVersion = 10.0.40219.1
Project("{FAE04EC0-301F-11D3-BF4B-00C04F79EFBC}") = "mucomMD2vgm", "mucomMD2vgm\mucomMD2vgm.csproj", "{B3554207-5883-4B0F-9442-72BDD9807645}"
EndProject
Project("{FAE04EC0-301F-11D3-BF4B-00C04F79EFBC}") = "Core", "Core\Core.csproj", "{CBFDD016-1B2B-4838-8B1D-0C1178944110}"
EndProject
Project("{FAE04EC0-301F-11D3-BF4B-00C04F79EFBC}") = "mdvc", "mdvc\mdvc.csproj", "{7D4FB783-117F-455D-B860-0ED2985A3589}"
EndProject
Project("{2150E333-8FDC-42A3-9474-1A3956D46DE8}") = "Solution Items", "Solution Items", "{CFECC55A-CDE6-4512-93A5-08BF6F481878}"
	ProjectSection(SolutionItems) = preProject
		LICENCE.txt = LICENCE.txt
		mucomMD2vgm.txt = mucomMD2vgm.txt
		mucomMD2vgm_MMLCommandMemo.txt = mucomMD2vgm_MMLCommandMemo.txt
		README.md = README.md
	EndProjectSection
EndProject
Global
	GlobalSection(SolutionConfigurationPlatforms) = preSolution
		Debug|Any CPU = Debug|Any CPU
		Debug|x86 = Debug|x86
		Release|Any CPU = Release|Any CPU
		Release|x86 = Release|x86
	EndGlobalSection
	GlobalSection(ProjectConfigurationPlatforms) = postSolution
		{B3554207-5883-4B0F-9442-72BDD9807645}.Debug|Any CPU.ActiveCfg = Debug|Any CPU
		{B3554207-5883-4B0F-9442-72BDD9807645}.Debug|Any CPU.Build.0 = Debug|Any CPU
		{B3554207-5883-4B0F-9442-72BDD9807645}.Debug|x86.ActiveCfg = Debug|x86
		{B3554207-5883-4B0F-9442-72BDD9807645}.Debug|x86.Build.0 = Debug|x86
		{B3554207-5883-4B0F-9442-72BDD9807645}.Release|Any CPU.ActiveCfg = Release|Any CPU
		{B3554207-5883-4B0F-9442-72BDD9807645}.Release|Any CPU.Build.0 = Release|Any CPU
		{B3554207-5883-4B0F-9442-72BDD9807645}.Release|x86.ActiveCfg = Release|x86
		{B3554207-5883-4B0F-9442-72BDD9807645}.Release|x86.Build.0 = Release|x86
		{CBFDD016-1B2B-4838-8B1D-0C1178944110}.Debug|Any CPU.ActiveCfg = Debug|Any CPU
		{CBFDD016-1B2B-4838-8B1D-0C1178944110}.Debug|Any CPU.Build.0 = Debug|Any CPU
		{CBFDD016-1B2B-4838-8B1D-0C1178944110}.Debug|x86.ActiveCfg = Debug|x86
		{CBFDD016-1B2B-4838-8B1D-0C1178944110}.Debug|x86.Build.0 = Debug|x86
		{CBFDD016-1B2B-4838-8B1D-0C1178944110}.Release|Any CPU.ActiveCfg = Release|Any CPU
		{CBFDD016-1B2B-4838-8B1D-0C1178944110}.Release|Any CPU.Build.0 = Release|Any CPU
		{CBFDD016-1B2B-4838-8B1D-0C1178944110}.Release|x86.ActiveCfg = Release|x86
		{CBFDD016-1B2B-4838-8B1D-0C1178944110}.Release|x86.Build.0 = Release|x86
		{7D4FB783-117F-455D-B860-0ED2985A3589}.Debug|Any CPU.ActiveCfg = Debug|Any CPU
		{7D4FB783-117F-455D-B860-0ED2985A3589}.Debug|Any CPU.Build.0 = Debug|Any CPU
		{7D4FB783-117F-455D-B860-0ED2985A3589}.Debug|x86.ActiveCfg = Debug|x86
		{7D4FB783-117F-455D-B860-0ED2985A3589}.Debug|x86.Build.0 = Debug|x86
		{7D4FB783-117F-455D-B860-0ED2985A3589}.Release|Any CPU.ActiveCfg = Release|Any CPU
		{7D4FB783-117F-455D-B860-0ED2985A3589}.Release|Any CPU.Build.0 = Release|Any CPU
		{7D4FB783-117F-455D-B860-0ED2985A3589}.Release|x86.ActiveCfg = Release|Any CPU
		{7D4FB783-117F-455D-B860-0ED2985A3589}.Release|x86.Build.0 = Release|Any CPU
	EndGlobalSection
	GlobalSection(SolutionProperties) = preSolution
		HideSolutionNode = FALSE
	EndGlobalSection
	GlobalSection(ExtensibilityGlobals) = postSolution
		SolutionGuid = {B668CD2D-77CD-4FD4-9233-7A3726E45398}
	EndGlobalSection
EndGlobal
